
Microsoft Visual Studio Solution File, Format Version 12.00
# Visual Studio 2015
Project("{FAE04EC0-301F-11D3-BF4B-00C04F79EFBC}") = "BLING-BLING-WRESTLING-RALLY", "BLING-BLING-WRESTLING-RALLY.csproj", "{FFF33A51-D84C-CE82-1B10-1D62AED9BA48}"
EndProject
Global
	GlobalSection(SolutionConfigurationPlatforms) = preSolution
		Debug|Any CPU = Debug|Any CPU
		Release|Any CPU = Release|Any CPU
	EndGlobalSection
	GlobalSection(ProjectConfigurationPlatforms) = postSolution
		{FFF33A51-D84C-CE82-1B10-1D62AED9BA48}.Debug|Any CPU.ActiveCfg = Debug|Any CPU
		{FFF33A51-D84C-CE82-1B10-1D62AED9BA48}.Debug|Any CPU.Build.0 = Debug|Any CPU
		{FFF33A51-D84C-CE82-1B10-1D62AED9BA48}.Release|Any CPU.ActiveCfg = Release|Any CPU
		{FFF33A51-D84C-CE82-1B10-1D62AED9BA48}.Release|Any CPU.Build.0 = Release|Any CPU
	EndGlobalSection
	GlobalSection(SolutionProperties) = preSolution
		HideSolutionNode = FALSE
	EndGlobalSection
EndGlobal
